<?xml version="1.0" encoding="utf-8"?>
<Project ToolsVersion="4.0" xmlns="http://schemas.microsoft.com/developer/msbuild/2003">
  <ItemGroup>
    <Filter Include="Source Files">
      <UniqueIdentifier>{4FC737F1-C7A5-4376-A066-2A32D752A2FF}</UniqueIdentifier>
      <Extensions>cpp;c;cc;cxx;def;odl;idl;hpj;bat;asm;asmx</Extensions>
    </Filter>
    <Filter Include="Header Files">
      <UniqueIdentifier>{93995380-89BD-4b04-88EB-625FBE52EBFB}</UniqueIdentifier>
      <Extensions>h;hpp;hxx;hm;inl;inc;xsd</Extensions>
    </Filter>
    <Filter Include="Resource Files">
      <UniqueIdentifier>{67DA6AB6-F800-4c08-8B7A-83BB121AAD01}</UniqueIdentifier>
      <Extensions>rc;ico;cur;bmp;dlg;rc2;rct;bin;rgs;gif;jpg;jpeg;jpe;resx;tiff;tif;png;wav</Extensions>
    </Filter>
  </ItemGroup>
  <ItemGroup>
    <ClCompile Include="core.cpp">
      <Filter>Source Files</Filter>
    </ClCompile>
    <ClCompile Include="keys.cpp">
      <Filter>Source Files</Filter>
    </ClCompile>
    <ClCompile Include="LocalBoard.cpp">
      <Filter>Source Files</Filter>
    </ClCompile>
    <ClCompile Include="localUI.cpp">
      <Filter>Source Files</Filter>
    </ClCompile>
    <ClCompile Include="port.cpp">
      <Filter>Source Files</Filter>
    </ClCompile>
    <ClCompile Include="RProtocolMS.cpp">
      <Filter>Source Files</Filter>
    </ClCompile>
    <ClCompile Include="sdlog.cpp">
      <Filter>Source Files</Filter>
    </ClCompile>
    <ClCompile Include="sensors.cpp">
      <Filter>Source Files</Filter>
    </ClCompile>
    <ClCompile Include="settings.cpp">
      <Filter>Source Files</Filter>
    </ClCompile>
    <ClCompile Include="SysInfo.cpp">
      <Filter>Source Files</Filter>
    </ClCompile>
    <ClCompile Include="thermistor.cpp">
      <Filter>Source Files</Filter>
    </ClCompile>
    <ClCompile Include="Weather.cpp">
      <Filter>Source Files</Filter>
    </ClCompile>
    <ClCompile Include="web.cpp">
      <Filter>Source Files</Filter>
    </ClCompile>
    <ClCompile Include="RPiPlatform.cpp">
      <Filter>Source Files</Filter>
    </ClCompile>
    <ClCompile Include="RPi-main.cpp">
      <Filter>Source Files</Filter>
    </ClCompile>
    <ClCompile Include="LiquidCrystal.cpp">
      <Filter>Source Files</Filter>
    </ClCompile>
    <ClCompile Include="Ard_time.cpp">
      <Filter>Source Files</Filter>
    </ClCompile>
    <ClCompile Include="IniFile.cpp">
      <Filter>Source Files</Filter>
    </ClCompile>
    <ClCompile Include="XBee.cpp">
      <Filter>Source Files</Filter>
    </ClCompile>
    <ClCompile Include="SGGRF.cpp">
      <Filter>Source Files</Filter>
    </ClCompile>
  </ItemGroup>
  <ItemGroup>
    <ClInclude Include="core.h">
      <Filter>Header Files</Filter>
    </ClInclude>
    <ClInclude Include="Defines.h">
      <Filter>Header Files</Filter>
    </ClInclude>
    <ClInclude Include="eepromMap.h">
      <Filter>Header Files</Filter>
    </ClInclude>
    <ClInclude Include="HardwiredConfig.h">
      <Filter>Header Files</Filter>
    </ClInclude>
    <ClInclude Include="LocalBoard.h">
      <Filter>Header Files</Filter>
    </ClInclude>
    <ClInclude Include="localUI.h">
      <Filter>Header Files</Filter>
    </ClInclude>
    <ClInclude Include="port.h">
      <Filter>Header Files</Filter>
    </ClInclude>
    <ClInclude Include="RProtocolMS.h">
      <Filter>Header Files</Filter>
    </ClInclude>
    <ClInclude Include="sdlog.h">
      <Filter>Header Files</Filter>
    </ClInclude>
    <ClInclude Include="sensors.h">
      <Filter>Header Files</Filter>
    </ClInclude>
    <ClInclude Include="settings.h">
      <Filter>Header Files</Filter>
    </ClInclude>
    <ClInclude Include="SGRProtocol.h">
      <Filter>Header Files</Filter>
    </ClInclude>
    <ClInclude Include="thermistor.h">
      <Filter>Header Files</Filter>
    </ClInclude>
    <ClInclude Include="Weather.h">
      <Filter>Header Files</Filter>
    </ClInclude>
    <ClInclude Include="web.h">
      <Filter>Header Files</Filter>
    </ClInclude>
    <ClInclude Include="RPiPlatform.h">
      <Filter>Header Files</Filter>
    </ClInclude>
    <ClInclude Include="LiquidCrystal.h">
      <Filter>Header Files</Filter>
    </ClInclude>
    <ClInclude Include="Ard_time.h">
      <Filter>Header Files</Filter>
    </ClInclude>
    <ClInclude Include="IniFile.h">
      <Filter>Header Files</Filter>
    </ClInclude>
    <ClInclude Include="XBee.h">
      <Filter>Header Files</Filter>
    </ClInclude>
    <ClInclude Include="SGGRF.h">
      <Filter>Header Files</Filter>
    </ClInclude>
  </ItemGroup>
</Project>